
Microsoft Visual Studio Solution File, Format Version 12.00
Project("{FAE04EC0-301F-11D3-BF4B-00C04F79EFBC}") = "Obsidian.Test.Framework", "Obsidian.Test.Framework\Obsidian.Test.Framework.csproj", "{D90469C8-615B-40FF-8F6F-6F8B72B6704F}"
EndProject
Project("{FAE04EC0-301F-11D3-BF4B-00C04F79EFBC}") = "Obsidian.Test.Framework.Tests", "Obsidian.Test.Framework.Tests\Obsidian.Test.Framework.Tests.csproj", "{A0A33684-487B-4EDA-A158-D03FDA80540E}"
EndProject
Project("{FAE04EC0-301F-11D3-BF4B-00C04F79EFBC}") = "Obsidian.Test.Framework.SqlServer", "Obsidian.Test.Framework.SqlServer\Obsidian.Test.Framework.SqlServer.csproj", "{2E320CDA-D12B-4FF6-BA48-E3A649E20890}"
EndProject
Project("{FAE04EC0-301F-11D3-BF4B-00C04F79EFBC}") = "Obsidian.Test.SourceGenerators", "Obsidian.Test.SourceGenerators\Obsidian.Test.SourceGenerators.csproj", "{1520314A-F0B2-4520-B1DC-6E624F253D0B}"
EndProject
Global
	GlobalSection(SolutionConfigurationPlatforms) = preSolution
		Debug|Any CPU = Debug|Any CPU
		Release|Any CPU = Release|Any CPU
	EndGlobalSection
	GlobalSection(ProjectConfigurationPlatforms) = postSolution
		{D90469C8-615B-40FF-8F6F-6F8B72B6704F}.Debug|Any CPU.ActiveCfg = Debug|Any CPU
		{D90469C8-615B-40FF-8F6F-6F8B72B6704F}.Debug|Any CPU.Build.0 = Debug|Any CPU
		{D90469C8-615B-40FF-8F6F-6F8B72B6704F}.Release|Any CPU.ActiveCfg = Release|Any CPU
		{D90469C8-615B-40FF-8F6F-6F8B72B6704F}.Release|Any CPU.Build.0 = Release|Any CPU
		{A0A33684-487B-4EDA-A158-D03FDA80540E}.Debug|Any CPU.ActiveCfg = Debug|Any CPU
		{A0A33684-487B-4EDA-A158-D03FDA80540E}.Debug|Any CPU.Build.0 = Debug|Any CPU
		{A0A33684-487B-4EDA-A158-D03FDA80540E}.Release|Any CPU.ActiveCfg = Release|Any CPU
		{A0A33684-487B-4EDA-A158-D03FDA80540E}.Release|Any CPU.Build.0 = Release|Any CPU
		{2E320CDA-D12B-4FF6-BA48-E3A649E20890}.Debug|Any CPU.ActiveCfg = Debug|Any CPU
		{2E320CDA-D12B-4FF6-BA48-E3A649E20890}.Debug|Any CPU.Build.0 = Debug|Any CPU
		{2E320CDA-D12B-4FF6-BA48-E3A649E20890}.Release|Any CPU.ActiveCfg = Release|Any CPU
		{2E320CDA-D12B-4FF6-BA48-E3A649E20890}.Release|Any CPU.Build.0 = Release|Any CPU
		{1520314A-F0B2-4520-B1DC-6E624F253D0B}.Debug|Any CPU.ActiveCfg = Debug|Any CPU
		{1520314A-F0B2-4520-B1DC-6E624F253D0B}.Debug|Any CPU.Build.0 = Debug|Any CPU
		{1520314A-F0B2-4520-B1DC-6E624F253D0B}.Release|Any CPU.ActiveCfg = Release|Any CPU
		{1520314A-F0B2-4520-B1DC-6E624F253D0B}.Release|Any CPU.Build.0 = Release|Any CPU
	EndGlobalSection
EndGlobal
